
Microsoft Visual Studio Solution File, Format Version 12.00
# Visual Studio 2012
Project("{FAE04EC0-301F-11D3-BF4B-00C04F79EFBC}") = "CouplingAnalyzer", "CouplingAnalyzer\CouplingAnalyzer.csproj", "{1AE22AC4-2255-4258-B6D7-70E5DE82585F}"
EndProject
Global
	GlobalSection(SolutionConfigurationPlatforms) = preSolution
		Debug|Any CPU = Debug|Any CPU
		Release|Any CPU = Release|Any CPU
	EndGlobalSection
	GlobalSection(ProjectConfigurationPlatforms) = postSolution
		{1AE22AC4-2255-4258-B6D7-70E5DE82585F}.Debug|Any CPU.ActiveCfg = Debug|Any CPU
		{1AE22AC4-2255-4258-B6D7-70E5DE82585F}.Debug|Any CPU.Build.0 = Debug|Any CPU
		{1AE22AC4-2255-4258-B6D7-70E5DE82585F}.Release|Any CPU.ActiveCfg = Release|Any CPU
		{1AE22AC4-2255-4258-B6D7-70E5DE82585F}.Release|Any CPU.Build.0 = Release|Any CPU
	EndGlobalSection
	GlobalSection(SolutionProperties) = preSolution
		HideSolutionNode = FALSE
	EndGlobalSection
EndGlobal
